{
  "lockfileVersion": 1,
  "configVersion": 1,
  "workspaces": {
    "": {
      "devDependencies": {
        "prettier": "latest",
        "prettier-plugin-go-template": "latest",
      },
    },
  },
  "packages": {
    "prettier": ["prettier@3.8.3", "", { "bin": { "prettier": "bin/prettier.cjs" } }, "sha512-7igPTM53cGHMW8xWuVTydi2KO233VFiTNyF5hLJqpilHfmn8C8gPf+PS7dUT64YcXFbiMGZxS9pCSxL/Dxm/Jw=="],

    "prettier-plugin-go-template": ["prettier-plugin-go-template@0.0.15", "", { "dependencies": { "ulid": "^2.3.0" }, "peerDependencies": { "prettier": "^3.0.0" } }, "sha512-WqU92E1NokWYNZ9mLE6ijoRg6LtIGdLMePt2C7UBDjXeDH9okcRI3zRqtnWR4s5AloiqyvZ66jNBAa9tmRY5EQ=="],

    "ulid": ["ulid@2.4.0", "", { "bin": { "ulid": "bin/cli.js" } }, "sha512-fIRiVTJNcSRmXKPZtGzFQv9WRrZ3M9eoptl/teFJvjOzmpU+/K/JH6HZ8deBfb5vMEpicJcLn7JmvdknlMq7Zg=="],
  }
}
